// !$*UTF8*$!
{
	archiveVersion = 1;
	classes = {
	};
	objectVersion = 50;
	objects = {

/* Begin PBXBuildFile section */
		BA095FE221250A3100900AF1 /* AppDelegate.swift in Sources */ = {isa = PBXBuildFile; fileRef = BA095FE121250A3100900AF1 /* AppDelegate.swift */; };
		BA095FE421250A3100900AF1 /* ViewController.swift in Sources */ = {isa = PBXBuildFile; fileRef = BA095FE321250A3100900AF1 /* ViewController.swift */; };
		BA095FE721250A3100900AF1 /* Main.storyboard in Resources */ = {isa = PBXBuildFile; fileRef = BA095FE521250A3100900AF1 /* Main.storyboard */; };
		BA095FE921250A3500900AF1 /* Assets.xcassets in Resources */ = {isa = PBXBuildFile; fileRef = BA095FE821250A3500900AF1 /* Assets.xcassets */; };
		BA095FEC21250A3600900AF1 /* LaunchScreen.storyboard in Resources */ = {isa = PBXBuildFile; fileRef = BA095FEA21250A3600900AF1 /* LaunchScreen.storyboard */; };
		BA095FF721250A3600900AF1 /* ZZZswift1Tests.swift in Sources */ = {isa = PBXBuildFile; fileRef = BA095FF621250A3600900AF1 /* ZZZswift1Tests.swift */; };
		BA09600221250A3600900AF1 /* ZZZswift1UITests.swift in Sources */ = {isa = PBXBuildFile; fileRef = BA09600121250A3600900AF1 /* ZZZswift1UITests.swift */; };
/* End PBXBuildFile section */

/* Begin PBXContainerItemProxy section */
		BA095FF321250A3600900AF1 /* PBXContainerItemProxy */ = {
			isa = PBXContainerItemProxy;
			containerPortal = BA095FD621250A3100900AF1 /* Project object */;
			proxyType = 1;
			remoteGlobalIDString = BA095FDD21250A3100900AF1;
			remoteInfo = ZZZswift1;
		};
		BA095FFE21250A3600900AF1 /* PBXContainerItemProxy */ = {
			isa = PBXContainerItemProxy;
			containerPortal = BA095FD621250A3100900AF1 /* Project object */;
			proxyType = 1;
			remoteGlobalIDString = BA095FDD21250A3100900AF1;
			remoteInfo = ZZZswift1;
		};
/* End PBXContainerItemProxy section */

/* Begin PBXFileReference section */
		BA095FDE21250A3100900AF1 /* ZZZswift1.app */ = {isa = PBXFileReference; explicitFileType = wrapper.application; includeInIndex = 0; path = ZZZswift1.app; sourceTree = BUILT_PRODUCTS_DIR; };
		BA095FE121250A3100900AF1 /* AppDelegate.swift */ = {isa = PBXFileReference; lastKnownFileType = sourcecode.swift; path = AppDelegate.swift; sourceTree = "<group>"; };
		BA095FE321250A3100900AF1 /* ViewController.swift */ = {isa = PBXFileReference; lastKnownFileType = sourcecode.swift; path = ViewController.swift; sourceTree = "<group>"; };
		BA095FE621250A3100900AF1 /* Base */ = {isa = PBXFileReference; lastKnownFileType = file.storyboard; name = Base; path = Base.lproj/Main.storyboard; sourceTree = "<group>"; };
		BA095FE821250A3500900AF1 /* Assets.xcassets */ = {isa = PBXFileReference; lastKnownFileType = folder.assetcatalog; path = Assets.xcassets; sourceTree = "<group>"; };
		BA095FEB21250A3600900AF1 /* Base */ = {isa = PBXFileReference; lastKnownFileType = file.storyboard; name = Base; path = Base.lproj/LaunchScreen.storyboard; sourceTree = "<group>"; };
		BA095FED21250A3600900AF1 /* Info.plist */ = {isa = PBXFileReference; lastKnownFileType = text.plist.xml; path = Info.plist; sourceTree = "<group>"; };
		BA095FF221250A3600900AF1 /* ZZZswift1Tests.xctest */ = {isa = PBXFileReference; explicitFileType = wrapper.cfbundle; includeInIndex = 0; path = ZZZswift1Tests.xctest; sourceTree = BUILT_PRODUCTS_DIR; };
		BA095FF621250A3600900AF1 /* ZZZswift1Tests.swift */ = {isa = PBXFileReference; lastKnownFileType = sourcecode.swift; path = ZZZswift1Tests.swift; sourceTree = "<group>"; };
		BA095FF821250A3600900AF1 /* Info.plist */ = {isa = PBXFileReference; lastKnownFileType = text.plist.xml; path = Info.plist; sourceTree = "<group>"; };
		BA095FFD21250A3600900AF1 /* ZZZswift1UITests.xctest */ = {isa = PBXFileReference; explicitFileType = wrapper.cfbundle; includeInIndex = 0; path = ZZZswift1UITests.xctest; sourceTree = BUILT_PRODUCTS_DIR; };
		BA09600121250A3600900AF1 /* ZZZswift1UITests.swift */ = {isa = PBXFileReference; lastKnownFileType = sourcecode.swift; path = ZZZswift1UITests.swift; sourceTree = "<group>"; };
		BA09600321250A3600900AF1 /* Info.plist */ = {isa = PBXFileReference; lastKnownFileType = text.plist.xml; path = Info.plist; sourceTree = "<group>"; };
/* End PBXFileReference section */

/* Begin PBXFrameworksBuildPhase section */
		BA095FDB21250A3100900AF1 /* Frameworks */ = {
			isa = PBXFrameworksBuildPhase;
			buildActionMask = 2147483647;
			files = (
			);
			runOnlyForDeploymentPostprocessing = 0;
		};
		BA095FEF21250A3600900AF1 /* Frameworks */ = {
			isa = PBXFrameworksBuildPhase;
			buildActionMask = 2147483647;
			files = (
			);
			runOnlyForDeploymentPostprocessing = 0;
		};
		BA095FFA21250A3600900AF1 /* Frameworks */ = {
			isa = PBXFrameworksBuildPhase;
			buildActionMask = 2147483647;
			files = (
			);
			runOnlyForDeploymentPostprocessing = 0;
		};
/* End PBXFrameworksBuildPhase section */

/* Begin PBXGroup section */
		BA095FD521250A3100900AF1 = {
			isa = PBXGroup;
			children = (
				BA095FE021250A3100900AF1 /* ZZZswift1 */,
				BA095FF521250A3600900AF1 /* ZZZswift1Tests */,
				BA09600021250A3600900AF1 /* ZZZswift1UITests */,
				BA095FDF21250A3100900AF1 /* Products */,
			);
			sourceTree = "<group>";
		};
		BA095FDF21250A3100900AF1 /* Products */ = {
			isa = PBXGroup;
			children = (
				BA095FDE21250A3100900AF1 /* ZZZswift1.app */,
				BA095FF221250A3600900AF1 /* ZZZswift1Tests.xctest */,
				BA095FFD21250A3600900AF1 /* ZZZswift1UITests.xctest */,
			);
			name = Products;
			sourceTree = "<group>";
		};
		BA095FE021250A3100900AF1 /* ZZZswift1 */ = {
			isa = PBXGroup;
			children = (
				BA095FE121250A3100900AF1 /* AppDelegate.swift */,
				BA095FE321250A3100900AF1 /* ViewController.swift */,
				BA095FE521250A3100900AF1 /* Main.storyboard */,
				BA095FE821250A3500900AF1 /* Assets.xcassets */,
				BA095FEA21250A3600900AF1 /* LaunchScreen.storyboard */,
				BA095FED21250A3600900AF1 /* Info.plist */,
			);
			path = ZZZswift1;
			sourceTree = "<group>";
		};
		BA095FF521250A3600900AF1 /* ZZZswift1Tests */ = {
			isa = PBXGroup;
			children = (
				BA095FF621250A3600900AF1 /* ZZZswift1Tests.swift */,
				BA095FF821250A3600900AF1 /* Info.plist */,
			);
			path = ZZZswift1Tests;
			sourceTree = "<group>";
		};
		BA09600021250A3600900AF1 /* ZZZswift1UITests */ = {
			isa = PBXGroup;
			children = (
				BA09600121250A3600900AF1 /* ZZZswift1UITests.swift */,
				BA09600321250A3600900AF1 /* Info.plist */,
			);
			path = ZZZswift1UITests;
			sourceTree = "<group>";
		};
/* End PBXGroup section */

/* Begin PBXNativeTarget section */
		BA095FDD21250A3100900AF1 /* ZZZswift1 */ = {
			isa = PBXNativeTarget;
			buildConfigurationList = BA09600621250A3600900AF1 /* Build configuration list for PBXNativeTarget "ZZZswift1" */;
			buildPhases = (
				BA095FDA21250A3100900AF1 /* Sources */,
				BA095FDB21250A3100900AF1 /* Frameworks */,
				BA095FDC21250A3100900AF1 /* Resources */,
			);
			buildRules = (
			);
			dependencies = (
			);
			name = ZZZswift1;
			productName = ZZZswift1;
			productReference = BA095FDE21250A3100900AF1 /* ZZZswift1.app */;
			productType = "com.apple.product-type.application";
		};
		BA095FF121250A3600900AF1 /* ZZZswift1Tests */ = {
			isa = PBXNativeTarget;
			buildConfigurationList = BA09600921250A3600900AF1 /* Build configuration list for PBXNativeTarget "ZZZswift1Tests" */;
			buildPhases = (
				BA095FEE21250A3600900AF1 /* Sources */,
				BA095FEF21250A3600900AF1 /* Frameworks */,
				BA095FF021250A3600900AF1 /* Resources */,
			);
			buildRules = (
			);
			dependencies = (
				BA095FF421250A3600900AF1 /* PBXTargetDependency */,
			);
			name = ZZZswift1Tests;
			productName = ZZZswift1Tests;
			productReference = BA095FF221250A3600900AF1 /* ZZZswift1Tests.xctest */;
			productType = "com.apple.product-type.bundle.unit-test";
		};
		BA095FFC21250A3600900AF1 /* ZZZswift1UITests */ = {
			isa = PBXNativeTarget;
			buildConfigurationList = BA09600C21250A3600900AF1 /* Build configuration list for PBXNativeTarget "ZZZswift1UITests" */;
			buildPhases = (
				BA095FF921250A3600900AF1 /* Sources */,
				BA095FFA21250A3600900AF1 /* Frameworks */,
				BA095FFB21250A3600900AF1 /* Resources */,
			);
			buildRules = (
			);
			dependencies = (
				BA095FFF21250A3600900AF1 /* PBXTargetDependency */,
			);
			name = ZZZswift1UITests;
			productName = ZZZswift1UITests;
			productReference = BA095FFD21250A3600900AF1 /* ZZZswift1UITests.xctest */;
			productType = "com.apple.product-type.bundle.ui-testing";
		};
/* End PBXNativeTarget section */

/* Begin PBXProject section */
		BA095FD621250A3100900AF1 /* Project object */ = {
			isa = PBXProject;
			attributes = {
				LastSwiftUpdateCheck = 0940;
				LastUpgradeCheck = 0940;
				ORGANIZATIONNAME = zhangyafeng;
				TargetAttributes = {
					BA095FDD21250A3100900AF1 = {
						CreatedOnToolsVersion = 9.4.1;
					};
					BA095FF121250A3600900AF1 = {
						CreatedOnToolsVersion = 9.4.1;
						TestTargetID = BA095FDD21250A3100900AF1;
					};
					BA095FFC21250A3600900AF1 = {
						CreatedOnToolsVersion = 9.4.1;
						TestTargetID = BA095FDD21250A3100900AF1;
					};
				};
			};
			buildConfigurationList = BA095FD921250A3100900AF1 /* Build configuration list for PBXProject "ZZZswift1" */;
			compatibilityVersion = "Xcode 9.3";
			developmentRegion = en;
			hasScannedForEncodings = 0;
			knownRegions = (
				en,
				Base,
			);
			mainGroup = BA095FD521250A3100900AF1;
			productRefGroup = BA095FDF21250A3100900AF1 /* Products */;
			projectDirPath = "";
			projectRoot = "";
			targets = (
				BA095FDD21250A3100900AF1 /* ZZZswift1 */,
				BA095FF121250A3600900AF1 /* ZZZswift1Tests */,
				BA095FFC21250A3600900AF1 /* ZZZswift1UITests */,
			);
		};
/* End PBXProject section */

/* Begin PBXResourcesBuildPhase section */
		BA095FDC21250A3100900AF1 /* Resources */ = {
			isa = PBXResourcesBuildPhase;
			buildActionMask = 2147483647;
			files = (
				BA095FEC21250A3600900AF1 /* LaunchScreen.storyboard in Resources */,
				BA095FE921250A3500900AF1 /* Assets.xcassets in Resources */,
				BA095FE721250A3100900AF1 /* Main.storyboard in Resources */,
			);
			runOnlyForDeploymentPostprocessing = 0;
		};
		BA095FF021250A3600900AF1 /* Resources */ = {
			isa = PBXResourcesBuildPhase;
			buildActionMask = 2147483647;
			files = (
			);
			runOnlyForDeploymentPostprocessing = 0;
		};
		BA095FFB21250A3600900AF1 /* Resources */ = {
			isa = PBXResourcesBuildPhase;
			buildActionMask = 2147483647;
			files = (
			);
			runOnlyForDeploymentPostprocessing = 0;
		};
/* End PBXResourcesBuildPhase section */

/* Begin PBXSourcesBuildPhase section */
		BA095FDA21250A3100900AF1 /* Sources */ = {
			isa = PBXSourcesBuildPhase;
			buildActionMask = 2147483647;
			files = (
				BA095FE421250A3100900AF1 /* ViewController.swift in Sources */,
				BA095FE221250A3100900AF1 /* AppDelegate.swift in Sources */,
			);
			runOnlyForDeploymentPostprocessing = 0;
		};
		BA095FEE21250A3600900AF1 /* Sources */ = {
			isa = PBXSourcesBuildPhase;
			buildActionMask = 2147483647;
			files = (
				BA095FF721250A3600900AF1 /* ZZZswift1Tests.swift in Sources */,
			);
			runOnlyForDeploymentPostprocessing = 0;
		};
		BA095FF921250A3600900AF1 /* Sources */ = {
			isa = PBXSourcesBuildPhase;
			buildActionMask = 2147483647;
			files = (
				BA09600221250A3600900AF1 /* ZZZswift1UITests.swift in Sources */,
			);
			runOnlyForDeploymentPostprocessing = 0;
		};
/* End PBXSourcesBuildPhase section */

/* Begin PBXTargetDependency section */
		BA095FF421250A3600900AF1 /* PBXTargetDependency */ = {
			isa = PBXTargetDependency;
			target = BA095FDD21250A3100900AF1 /* ZZZswift1 */;
			targetProxy = BA095FF321250A3600900AF1 /* PBXContainerItemProxy */;
		};
		BA095FFF21250A3600900AF1 /* PBXTargetDependency */ = {
			isa = PBXTargetDependency;
			target = BA095FDD21250A3100900AF1 /* ZZZswift1 */;
			targetProxy = BA095FFE21250A3600900AF1 /* PBXContainerItemProxy */;
		};
/* End PBXTargetDependency section */

/* Begin PBXVariantGroup section */
		BA095FE521250A3100900AF1 /* Main.storyboard */ = {
			isa = PBXVariantGroup;
			children = (
				BA095FE621250A3100900AF1 /* Base */,
			);
			name = Main.storyboard;
			sourceTree = "<group>";
		};
		BA095FEA21250A3600900AF1 /* LaunchScreen.storyboard */ = {
			isa = PBXVariantGroup;
			children = (
				BA095FEB21250A3600900AF1 /* Base */,
			);
			name = LaunchScreen.storyboard;
			sourceTree = "<group>";
		};
/* End PBXVariantGroup section */

/* Begin XCBuildConfiguration section */
		BA09600421250A3600900AF1 /* Debug */ = {
			isa = XCBuildConfiguration;
			buildSettings = {
				ALWAYS_SEARCH_USER_PATHS = NO;
				CLANG_ANALYZER_NONNULL = YES;
				CLANG_ANALYZER_NUMBER_OBJECT_CONVERSION = YES_AGGRESSIVE;
				CLANG_CXX_LANGUAGE_STANDARD = "gnu++14";
				CLANG_CXX_LIBRARY = "libc++";
				CLANG_ENABLE_MODULES = YES;
				CLANG_ENABLE_OBJC_ARC = YES;
				CLANG_ENABLE_OBJC_WEAK = YES;
				CLANG_WARN_BLOCK_CAPTURE_AUTORELEASING = YES;
				CLANG_WARN_BOOL_CONVERSION = YES;
				CLANG_WARN_COMMA = YES;
				CLANG_WARN_CONSTANT_CONVERSION = YES;
				CLANG_WARN_DEPRECATED_OBJC_IMPLEMENTATIONS = YES;
				CLANG_WARN_DIRECT_OBJC_ISA_USAGE = YES_ERROR;
				CLANG_WARN_DOCUMENTATION_COMMENTS = YES;
				CLANG_WARN_EMPTY_BODY = YES;
				CLANG_WARN_ENUM_CONVERSION = YES;
				CLANG_WARN_INFINITE_RECURSION = YES;
				CLANG_WARN_INT_CONVERSION = YES;
				CLANG_WARN_NON_LITERAL_NULL_CONVERSION = YES;
				CLANG_WARN_OBJC_IMPLICIT_RETAIN_SELF = YES;
				CLANG_WARN_OBJC_LITERAL_CONVERSION = YES;
				CLANG_WARN_OBJC_ROOT_CLASS = YES_ERROR;
				CLANG_WARN_RANGE_LOOP_ANALYSIS = YES;
				CLANG_WARN_STRICT_PROTOTYPES = YES;
				CLANG_WARN_SUSPICIOUS_MOVE = YES;
				CLANG_WARN_UNGUARDED_AVAILABILITY = YES_AGGRESSIVE;
				CLANG_WARN_UNREACHABLE_CODE = YES;
				CLANG_WARN__DUPLICATE_METHOD_MATCH = YES;
				CODE_SIGN_IDENTITY = "iPhone Developer";
				COPY_PHASE_STRIP = NO;
				DEBUG_INFORMATION_FORMAT = dwarf;
				ENABLE_STRICT_OBJC_MSGSEND = YES;
				ENABLE_TESTABILITY = YES;
				GCC_C_LANGUAGE_STANDARD = gnu11;
				GCC_DYNAMIC_NO_PIC = NO;
				GCC_NO_COMMON_BLOCKS = YES;
				GCC_OPTIMIZATION_LEVEL = 0;
				GCC_PREPROCESSOR_DEFINITIONS = (
					"DEBUG=1",
					"$(inherited)",
				);
				GCC_WARN_64_TO_32_BIT_CONVERSION = YES;
				GCC_WARN_ABOUT_RETURN_TYPE = YES_ERROR;
				GCC_WARN_UNDECLARED_SELECTOR = YES;
				GCC_WARN_UNINITIALIZED_AUTOS = YES_AGGRESSIVE;
				GCC_WARN_UNUSED_FUNCTION = YES;
				GCC_WARN_UNUSED_VARIABLE = YES;
				IPHONEOS_DEPLOYMENT_TARGET = 11.4;
				MTL_ENABLE_DEBUG_INFO = YES;
				ONLY_ACTIVE_ARCH = YES;
				SDKROOT = iphoneos;
				SWIFT_ACTIVE_COMPILATION_CONDITIONS = DEBUG;
				SWIFT_OPTIMIZATION_LEVEL = "-Onone";
			};
			name = Debug;
		};
		BA09600521250A3600900AF1 /* Release */ = {
			isa = XCBuildConfiguration;
			buildSettings = {
				ALWAYS_SEARCH_USER_PATHS = NO;
				CLANG_ANALYZER_NONNULL = YES;
				CLANG_ANALYZER_NUMBER_OBJECT_CONVERSION = YES_AGGRESSIVE;
				CLANG_CXX_LANGUAGE_STANDARD = "gnu++14";
				CLANG_CXX_LIBRARY = "libc++";
				CLANG_ENABLE_MODULES = YES;
				CLANG_ENABLE_OBJC_ARC = YES;
				CLANG_ENABLE_OBJC_WEAK = YES;
				CLANG_WARN_BLOCK_CAPTURE_AUTORELEASING = YES;
				CLANG_WARN_BOOL_CONVERSION = YES;
				CLANG_WARN_COMMA = YES;
				CLANG_WARN_CONSTANT_CONVERSION = YES;
				CLANG_WARN_DEPRECATED_OBJC_IMPLEMENTATIONS = YES;
				CLANG_WARN_DIRECT_OBJC_ISA_USAGE = YES_ERROR;
				CLANG_WARN_DOCUMENTATION_COMMENTS = YES;
				CLANG_WARN_EMPTY_BODY = YES;
				CLANG_WARN_ENUM_CONVERSION = YES;
				CLANG_WARN_INFINITE_RECURSION = YES;
				CLANG_WARN_INT_CONVERSION = YES;
				CLANG_WARN_NON_LITERAL_NULL_CONVERSION = YES;
				CLANG_WARN_OBJC_IMPLICIT_RETAIN_SELF = YES;
				CLANG_WARN_OBJC_LITERAL_CONVERSION = YES;
				CLANG_WARN_OBJC_ROOT_CLASS = YES_ERROR;
				CLANG_WARN_RANGE_LOOP_ANALYSIS = YES;
				CLANG_WARN_STRICT_PROTOTYPES = YES;
				CLANG_WARN_SUSPICIOUS_MOVE = YES;
				CLANG_WARN_UNGUARDED_AVAILABILITY = YES_AGGRESSIVE;
				CLANG_WARN_UNREACHABLE_CODE = YES;
				CLANG_WARN__DUPLICATE_METHOD_MATCH = YES;
				CODE_SIGN_IDENTITY = "iPhone Developer";
				COPY_PHASE_STRIP = NO;
				DEBUG_INFORMATION_FORMAT = "dwarf-with-dsym";
				ENABLE_NS_ASSERTIONS = NO;
				ENABLE_STRICT_OBJC_MSGSEND = YES;
				GCC_C_LANGUAGE_STANDARD = gnu11;
				GCC_NO_COMMON_BLOCKS = YES;
				GCC_WARN_64_TO_32_BIT_CONVERSION = YES;
				GCC_WARN_ABOUT_RETURN_TYPE = YES_ERROR;
				GCC_WARN_UNDECLARED_SELECTOR = YES;
				GCC_WARN_UNINITIALIZED_AUTOS = YES_AGGRESSIVE;
				GCC_WARN_UNUSED_FUNCTION = YES;
				GCC_WARN_UNUSED_VARIABLE = YES;
				IPHONEOS_DEPLOYMENT_TARGET = 11.4;
				MTL_ENABLE_DEBUG_INFO = NO;
				SDKROOT = iphoneos;
				SWIFT_COMPILATION_MODE = wholemodule;
				SWIFT_OPTIMIZATION_LEVEL = "-O";
				VALIDATE_PRODUCT = YES;
			};
			name = Release;
		};
		BA09600721250A3600900AF1 /* Debug */ = {
			isa = XCBuildConfiguration;
			buildSettings = {
				ASSETCATALOG_COMPILER_APPICON_NAME = AppIcon;
				CODE_SIGN_STYLE = Automatic;
				INFOPLIST_FILE = ZZZswift1/Info.plist;
				LD_RUNPATH_SEARCH_PATHS = (
					"$(inherited)",
					"@executable_path/Frameworks",
				);
				PRODUCT_BUNDLE_IDENTIFIER = zhangyafeng.ZZZswift1;
				PRODUCT_NAME = "$(TARGET_NAME)";
				SWIFT_VERSION = 4.0;
				TARGETED_DEVICE_FAMILY = "1,2";
			};
			name = Debug;
		};
		BA09600821250A3600900AF1 /* Release */ = {
			isa = XCBuildConfiguration;
			buildSettings = {
				ASSETCATALOG_COMPILER_APPICON_NAME = AppIcon;
				CODE_SIGN_STYLE = Automatic;
				INFOPLIST_FILE = ZZZswift1/Info.plist;
				LD_RUNPATH_SEARCH_PATHS = (
					"$(inherited)",
					"@executable_path/Frameworks",
				);
				PRODUCT_BUNDLE_IDENTIFIER = zhangyafeng.ZZZswift1;
				PRODUCT_NAME = "$(TARGET_NAME)";
				SWIFT_VERSION = 4.0;
				TARGETED_DEVICE_FAMILY = "1,2";
			};
			name = Release;
		};
		BA09600A21250A3600900AF1 /* Debug */ = {
			isa = XCBuildConfiguration;
			buildSettings = {
				ALWAYS_EMBED_SWIFT_STANDARD_LIBRARIES = YES;
				BUNDLE_LOADER = "$(TEST_HOST)";
				CODE_SIGN_STYLE = Automatic;
				INFOPLIST_FILE = ZZZswift1Tests/Info.plist;
				LD_RUNPATH_SEARCH_PATHS = (
					"$(inherited)",
					"@executable_path/Frameworks",
					"@loader_path/Frameworks",
				);
				PRODUCT_BUNDLE_IDENTIFIER = zhangyafeng.ZZZswift1Tests;
				PRODUCT_NAME = "$(TARGET_NAME)";
				SWIFT_VERSION = 4.0;
				TARGETED_DEVICE_FAMILY = "1,2";
				TEST_HOST = "$(BUILT_PRODUCTS_DIR)/ZZZswift1.app/ZZZswift1";
			};
			name = Debug;
		};
		BA09600B21250A3600900AF1 /* Release */ = {
			isa = XCBuildConfiguration;
			buildSettings = {
				ALWAYS_EMBED_SWIFT_STANDARD_LIBRARIES = YES;
				BUNDLE_LOADER = "$(TEST_HOST)";
				CODE_SIGN_STYLE = Automatic;
				INFOPLIST_FILE = ZZZswift1Tests/Info.plist;
				LD_RUNPATH_SEARCH_PATHS = (
					"$(inherited)",
					"@executable_path/Frameworks",
					"@loader_path/Frameworks",
				);
				PRODUCT_BUNDLE_IDENTIFIER = zhangyafeng.ZZZswift1Tests;
				PRODUCT_NAME = "$(TARGET_NAME)";
				SWIFT_VERSION = 4.0;
				TARGETED_DEVICE_FAMILY = "1,2";
				TEST_HOST = "$(BUILT_PRODUCTS_DIR)/ZZZswift1.app/ZZZswift1";
			};
			name = Release;
		};
		BA09600D21250A3600900AF1 /* Debug */ = {
			isa = XCBuildConfiguration;
			buildSettings = {
				ALWAYS_EMBED_SWIFT_STANDARD_LIBRARIES = YES;
				CODE_SIGN_STYLE = Automatic;
				INFOPLIST_FILE = ZZZswift1UITests/Info.plist;
				LD_RUNPATH_SEARCH_PATHS = (
					"$(inherited)",
					"@executable_path/Frameworks",
					"@loader_path/Frameworks",
				);
				PRODUCT_BUNDLE_IDENTIFIER = zhangyafeng.ZZZswift1UITests;
				PRODUCT_NAME = "$(TARGET_NAME)";
				SWIFT_VERSION = 4.0;
				TARGETED_DEVICE_FAMILY = "1,2";
				TEST_TARGET_NAME = ZZZswift1;
			};
			name = Debug;
		};
		BA09600E21250A3600900AF1 /* Release */ = {
			isa = XCBuildConfiguration;
			buildSettings = {
				ALWAYS_EMBED_SWIFT_STANDARD_LIBRARIES = YES;
				CODE_SIGN_STYLE = Automatic;
				INFOPLIST_FILE = ZZZswift1UITests/Info.plist;
				LD_RUNPATH_SEARCH_PATHS = (
					"$(inherited)",
					"@executable_path/Frameworks",
					"@loader_path/Frameworks",
				);
				PRODUCT_BUNDLE_IDENTIFIER = zhangyafeng.ZZZswift1UITests;
				PRODUCT_NAME = "$(TARGET_NAME)";
				SWIFT_VERSION = 4.0;
				TARGETED_DEVICE_FAMILY = "1,2";
				TEST_TARGET_NAME = ZZZswift1;
			};
			name = Release;
		};
/* End XCBuildConfiguration section */

/* Begin XCConfigurationList section */
		BA095FD921250A3100900AF1 /* Build configuration list for PBXProject "ZZZswift1" */ = {
			isa = XCConfigurationList;
			buildConfigurations = (
				BA09600421250A3600900AF1 /* Debug */,
				BA09600521250A3600900AF1 /* Release */,
			);
			defaultConfigurationIsVisible = 0;
			defaultConfigurationName = Release;
		};
		BA09600621250A3600900AF1 /* Build configuration list for PBXNativeTarget "ZZZswift1" */ = {
			isa = XCConfigurationList;
			buildConfigurations = (
				BA09600721250A3600900AF1 /* Debug */,
				BA09600821250A3600900AF1 /* Release */,
			);
			defaultConfigurationIsVisible = 0;
			defaultConfigurationName = Release;
		};
		BA09600921250A3600900AF1 /* Build configuration list for PBXNativeTarget "ZZZswift1Tests" */ = {
			isa = XCConfigurationList;
			buildConfigurations = (
				BA09600A21250A3600900AF1 /* Debug */,
				BA09600B21250A3600900AF1 /* Release */,
			);
			defaultConfigurationIsVisible = 0;
			defaultConfigurationName = Release;
		};
		BA09600C21250A3600900AF1 /* Build configuration list for PBXNativeTarget "ZZZswift1UITests" */ = {
			isa = XCConfigurationList;
			buildConfigurations = (
				BA09600D21250A3600900AF1 /* Debug */,
				BA09600E21250A3600900AF1 /* Release */,
			);
			defaultConfigurationIsVisible = 0;
			defaultConfigurationName = Release;
		};
/* End XCConfigurationList section */
	};
	rootObject = BA095FD621250A3100900AF1 /* Project object */;
}
